
Microsoft Visual Studio Solution File, Format Version 12.00
# Visual Studio Version 17
VisualStudioVersion = 17.8.34330.188
MinimumVisualStudioVersion = 10.0.40219.1
Project("{9A19103F-16F7-4668-BE54-9A1E7A4F7556}") = "OrderSolution", "Order\OrderSolution.csproj", "{5D698E78-4542-4E20-8BC8-B5D37C0A7C76}"
EndProject
Global
	GlobalSection(SolutionConfigurationPlatforms) = preSolution
		Debug|Any CPU = Debug|Any CPU
		Release|Any CPU = Release|Any CPU
	EndGlobalSection
	GlobalSection(ProjectConfigurationPlatforms) = postSolution
		{5D698E78-4542-4E20-8BC8-B5D37C0A7C76}.Debug|Any CPU.ActiveCfg = Debug|Any CPU
		{5D698E78-4542-4E20-8BC8-B5D37C0A7C76}.Debug|Any CPU.Build.0 = Debug|Any CPU
		{5D698E78-4542-4E20-8BC8-B5D37C0A7C76}.Release|Any CPU.ActiveCfg = Release|Any CPU
		{5D698E78-4542-4E20-8BC8-B5D37C0A7C76}.Release|Any CPU.Build.0 = Release|Any CPU
	EndGlobalSection
	GlobalSection(SolutionProperties) = preSolution
		HideSolutionNode = FALSE
	EndGlobalSection
	GlobalSection(ExtensibilityGlobals) = postSolution
		SolutionGuid = {85C3E73A-7F3F-46A3-9672-99DA8C54110A}
	EndGlobalSection
EndGlobal
